// !$*UTF8*$!
{
	archiveVersion = 1;
	classes = {
	};
	objectVersion = 48;
	objects = {

/* Begin PBXBuildFile section */
		648EED83F505D63A8FFAEA2C /* Pods_TodoDocker.framework in Frameworks */ = {isa = PBXBuildFile; fileRef = DC9A9041BBDDAA2FC1685CF7 /* Pods_TodoDocker.framework */; };
		95004D781FD9C41300565175 /* CurlInterceptor.swift in Sources */ = {isa = PBXBuildFile; fileRef = 95004D771FD9C41300565175 /* CurlInterceptor.swift */; };
		95004D7A1FD9CE5C00565175 /* TaskTableViewCell.swift in Sources */ = {isa = PBXBuildFile; fileRef = 95004D791FD9CE5C00565175 /* TaskTableViewCell.swift */; };
		95004D7C1FD9E6C900565175 /* TextField.swift in Sources */ = {isa = PBXBuildFile; fileRef = 95004D7B1FD9E6C900565175 /* TextField.swift */; };
		95004D7E1FD9F45100565175 /* SalvarViewController.swift in Sources */ = {isa = PBXBuildFile; fileRef = 95004D7D1FD9F45100565175 /* SalvarViewController.swift */; };
		9510AF771FD9AF6F0041D8AE /* TaskTableViewController.swift in Sources */ = {isa = PBXBuildFile; fileRef = 9510AF761FD9AF6F0041D8AE /* TaskTableViewController.swift */; };
		9510AF791FD9B3A30041D8AE /* Tasks.swift in Sources */ = {isa = PBXBuildFile; fileRef = 9510AF781FD9B3A30041D8AE /* Tasks.swift */; };
		9538FAF61FD88662001113E4 /* AppDelegate.swift in Sources */ = {isa = PBXBuildFile; fileRef = 9538FAF51FD88662001113E4 /* AppDelegate.swift */; };
		9538FAF81FD88662001113E4 /* ViewController.swift in Sources */ = {isa = PBXBuildFile; fileRef = 9538FAF71FD88662001113E4 /* ViewController.swift */; };
		9538FAFB1FD88662001113E4 /* Main.storyboard in Resources */ = {isa = PBXBuildFile; fileRef = 9538FAF91FD88662001113E4 /* Main.storyboard */; };
		9538FAFD1FD88662001113E4 /* Assets.xcassets in Resources */ = {isa = PBXBuildFile; fileRef = 9538FAFC1FD88662001113E4 /* Assets.xcassets */; };
		9538FB001FD88662001113E4 /* LaunchScreen.storyboard in Resources */ = {isa = PBXBuildFile; fileRef = 9538FAFE1FD88662001113E4 /* LaunchScreen.storyboard */; };
		95B89E471FD89B3F0046F2F9 /* Route.swift in Sources */ = {isa = PBXBuildFile; fileRef = 95B89E461FD89B3F0046F2F9 /* Route.swift */; };
		95B89E4B1FD89CA20046F2F9 /* Constants.swift in Sources */ = {isa = PBXBuildFile; fileRef = 95B89E4A1FD89CA20046F2F9 /* Constants.swift */; };
		95D0881C1FD8A4A70005CA6E /* Service.swift in Sources */ = {isa = PBXBuildFile; fileRef = 95FAE4711FD89A74003B7A59 /* Service.swift */; };
		95FAE46D1FD89915003B7A59 /* Login.swift in Sources */ = {isa = PBXBuildFile; fileRef = 95FAE46C1FD89915003B7A59 /* Login.swift */; };
		95FE66861FDF255D0086ED81 /* DataBase.swift in Sources */ = {isa = PBXBuildFile; fileRef = 95FE66851FDF255D0086ED81 /* DataBase.swift */; };
		95FE66891FDF25950086ED81 /* Entities.swift in Sources */ = {isa = PBXBuildFile; fileRef = 95FE66881FDF25950086ED81 /* Entities.swift */; };
/* End PBXBuildFile section */

/* Begin PBXFileReference section */
		613D6F0FB370D026C9D951A0 /* Pods-TodoDocker.debug.xcconfig */ = {isa = PBXFileReference; includeInIndex = 1; lastKnownFileType = text.xcconfig; name = "Pods-TodoDocker.debug.xcconfig"; path = "Pods/Target Support Files/Pods-TodoDocker/Pods-TodoDocker.debug.xcconfig"; sourceTree = "<group>"; };
		95004D771FD9C41300565175 /* CurlInterceptor.swift */ = {isa = PBXFileReference; lastKnownFileType = sourcecode.swift; path = CurlInterceptor.swift; sourceTree = "<group>"; };
		95004D791FD9CE5C00565175 /* TaskTableViewCell.swift */ = {isa = PBXFileReference; lastKnownFileType = sourcecode.swift; path = TaskTableViewCell.swift; sourceTree = "<group>"; };
		95004D7B1FD9E6C900565175 /* TextField.swift */ = {isa = PBXFileReference; lastKnownFileType = sourcecode.swift; path = TextField.swift; sourceTree = "<group>"; };
		95004D7D1FD9F45100565175 /* SalvarViewController.swift */ = {isa = PBXFileReference; lastKnownFileType = sourcecode.swift; path = SalvarViewController.swift; sourceTree = "<group>"; };
		9510AF761FD9AF6F0041D8AE /* TaskTableViewController.swift */ = {isa = PBXFileReference; lastKnownFileType = sourcecode.swift; path = TaskTableViewController.swift; sourceTree = "<group>"; };
		9510AF781FD9B3A30041D8AE /* Tasks.swift */ = {isa = PBXFileReference; lastKnownFileType = sourcecode.swift; path = Tasks.swift; sourceTree = "<group>"; };
		9538FAF21FD88662001113E4 /* TodoDocker.app */ = {isa = PBXFileReference; explicitFileType = wrapper.application; includeInIndex = 0; path = TodoDocker.app; sourceTree = BUILT_PRODUCTS_DIR; };
		9538FAF51FD88662001113E4 /* AppDelegate.swift */ = {isa = PBXFileReference; lastKnownFileType = sourcecode.swift; path = AppDelegate.swift; sourceTree = "<group>"; };
		9538FAF71FD88662001113E4 /* ViewController.swift */ = {isa = PBXFileReference; lastKnownFileType = sourcecode.swift; path = ViewController.swift; sourceTree = "<group>"; };
		9538FAFA1FD88662001113E4 /* Base */ = {isa = PBXFileReference; lastKnownFileType = file.storyboard; name = Base; path = Base.lproj/Main.storyboard; sourceTree = "<group>"; };
		9538FAFC1FD88662001113E4 /* Assets.xcassets */ = {isa = PBXFileReference; lastKnownFileType = folder.assetcatalog; path = Assets.xcassets; sourceTree = "<group>"; };
		9538FAFF1FD88662001113E4 /* Base */ = {isa = PBXFileReference; lastKnownFileType = file.storyboard; name = Base; path = Base.lproj/LaunchScreen.storyboard; sourceTree = "<group>"; };
		9538FB011FD88662001113E4 /* Info.plist */ = {isa = PBXFileReference; lastKnownFileType = text.plist.xml; path = Info.plist; sourceTree = "<group>"; };
		95B89E461FD89B3F0046F2F9 /* Route.swift */ = {isa = PBXFileReference; fileEncoding = 4; lastKnownFileType = sourcecode.swift; path = Route.swift; sourceTree = "<group>"; };
		95B89E4A1FD89CA20046F2F9 /* Constants.swift */ = {isa = PBXFileReference; fileEncoding = 4; lastKnownFileType = sourcecode.swift; path = Constants.swift; sourceTree = "<group>"; };
		95FAE46C1FD89915003B7A59 /* Login.swift */ = {isa = PBXFileReference; lastKnownFileType = sourcecode.swift; path = Login.swift; sourceTree = "<group>"; };
		95FAE4711FD89A74003B7A59 /* Service.swift */ = {isa = PBXFileReference; lastKnownFileType = sourcecode.swift; path = Service.swift; sourceTree = "<group>"; };
		95FE66851FDF255D0086ED81 /* DataBase.swift */ = {isa = PBXFileReference; fileEncoding = 4; lastKnownFileType = sourcecode.swift; name = DataBase.swift; path = ../../../../Downloads/DataBase.swift; sourceTree = "<group>"; };
		95FE66881FDF25950086ED81 /* Entities.swift */ = {isa = PBXFileReference; fileEncoding = 4; lastKnownFileType = sourcecode.swift; name = Entities.swift; path = ../../../../Downloads/Entities.swift; sourceTree = "<group>"; };
		CA8703362799332066BFEF20 /* Pods-TodoDocker.release.xcconfig */ = {isa = PBXFileReference; includeInIndex = 1; lastKnownFileType = text.xcconfig; name = "Pods-TodoDocker.release.xcconfig"; path = "Pods/Target Support Files/Pods-TodoDocker/Pods-TodoDocker.release.xcconfig"; sourceTree = "<group>"; };
		DC9A9041BBDDAA2FC1685CF7 /* Pods_TodoDocker.framework */ = {isa = PBXFileReference; explicitFileType = wrapper.framework; includeInIndex = 0; path = Pods_TodoDocker.framework; sourceTree = BUILT_PRODUCTS_DIR; };
/* End PBXFileReference section */

/* Begin PBXFrameworksBuildPhase section */
		9538FAEF1FD88662001113E4 /* Frameworks */ = {
			isa = PBXFrameworksBuildPhase;
			buildActionMask = 2147483647;
			files = (
				648EED83F505D63A8FFAEA2C /* Pods_TodoDocker.framework in Frameworks */,
			);
			runOnlyForDeploymentPostprocessing = 0;
		};
/* End PBXFrameworksBuildPhase section */

/* Begin PBXGroup section */
		4C06F308B3A18DE31DDC03E3 /* Frameworks */ = {
			isa = PBXGroup;
			children = (
				DC9A9041BBDDAA2FC1685CF7 /* Pods_TodoDocker.framework */,
			);
			name = Frameworks;
			sourceTree = "<group>";
		};
		9538FAE91FD88662001113E4 = {
			isa = PBXGroup;
			children = (
				9538FAF41FD88662001113E4 /* TodoDocker */,
				9538FAF31FD88662001113E4 /* Products */,
				9D426F46B6974A5886021443 /* Pods */,
				4C06F308B3A18DE31DDC03E3 /* Frameworks */,
			);
			sourceTree = "<group>";
		};
		9538FAF31FD88662001113E4 /* Products */ = {
			isa = PBXGroup;
			children = (
				9538FAF21FD88662001113E4 /* TodoDocker.app */,
			);
			name = Products;
			sourceTree = "<group>";
		};
		9538FAF41FD88662001113E4 /* TodoDocker */ = {
			isa = PBXGroup;
			children = (
				95FE66871FDF25870086ED81 /* Entity */,
				95FE66841FDF254E0086ED81 /* DB */,
				95B89E4A1FD89CA20046F2F9 /* Constants.swift */,
				95FAE4721FD89AC7003B7A59 /* Route */,
				95FAE46E1FD89A4C003B7A59 /* Service */,
				95FAE46B1FD898EC003B7A59 /* Model */,
				9538FAF51FD88662001113E4 /* AppDelegate.swift */,
				9538FAF71FD88662001113E4 /* ViewController.swift */,
				9538FAF91FD88662001113E4 /* Main.storyboard */,
				9538FAFC1FD88662001113E4 /* Assets.xcassets */,
				9538FAFE1FD88662001113E4 /* LaunchScreen.storyboard */,
				9538FB011FD88662001113E4 /* Info.plist */,
				9510AF761FD9AF6F0041D8AE /* TaskTableViewController.swift */,
				95004D791FD9CE5C00565175 /* TaskTableViewCell.swift */,
				95004D7B1FD9E6C900565175 /* TextField.swift */,
				95004D7D1FD9F45100565175 /* SalvarViewController.swift */,
			);
			path = TodoDocker;
			sourceTree = "<group>";
		};
		95FAE46B1FD898EC003B7A59 /* Model */ = {
			isa = PBXGroup;
			children = (
				95FAE46C1FD89915003B7A59 /* Login.swift */,
				9510AF781FD9B3A30041D8AE /* Tasks.swift */,
			);
			path = Model;
			sourceTree = "<group>";
		};
		95FAE46E1FD89A4C003B7A59 /* Service */ = {
			isa = PBXGroup;
			children = (
				95004D771FD9C41300565175 /* CurlInterceptor.swift */,
				95FAE4711FD89A74003B7A59 /* Service.swift */,
			);
			path = Service;
			sourceTree = "<group>";
		};
		95FAE4721FD89AC7003B7A59 /* Route */ = {
			isa = PBXGroup;
			children = (
				95B89E461FD89B3F0046F2F9 /* Route.swift */,
			);
			path = Route;
			sourceTree = "<group>";
		};
		95FE66841FDF254E0086ED81 /* DB */ = {
			isa = PBXGroup;
			children = (
				95FE66851FDF255D0086ED81 /* DataBase.swift */,
			);
			path = DB;
			sourceTree = "<group>";
		};
		95FE66871FDF25870086ED81 /* Entity */ = {
			isa = PBXGroup;
			children = (
				95FE66881FDF25950086ED81 /* Entities.swift */,
			);
			path = Entity;
			sourceTree = "<group>";
		};
		9D426F46B6974A5886021443 /* Pods */ = {
			isa = PBXGroup;
			children = (
				613D6F0FB370D026C9D951A0 /* Pods-TodoDocker.debug.xcconfig */,
				CA8703362799332066BFEF20 /* Pods-TodoDocker.release.xcconfig */,
			);
			name = Pods;
			sourceTree = "<group>";
		};
/* End PBXGroup section */

/* Begin PBXNativeTarget section */
		9538FAF11FD88662001113E4 /* TodoDocker */ = {
			isa = PBXNativeTarget;
			buildConfigurationList = 9538FB041FD88662001113E4 /* Build configuration list for PBXNativeTarget "TodoDocker" */;
			buildPhases = (
				F7EBC9480E93E393BB20879D /* [CP] Check Pods Manifest.lock */,
				9538FAEE1FD88662001113E4 /* Sources */,
				9538FAEF1FD88662001113E4 /* Frameworks */,
				9538FAF01FD88662001113E4 /* Resources */,
				9B3B11B7EAE8364AAF7C6963 /* [CP] Embed Pods Frameworks */,
				E28F8AE09447B30C762F54E0 /* [CP] Copy Pods Resources */,
			);
			buildRules = (
			);
			dependencies = (
			);
			name = TodoDocker;
			productName = TodoDocker;
			productReference = 9538FAF21FD88662001113E4 /* TodoDocker.app */;
			productType = "com.apple.product-type.application";
		};
/* End PBXNativeTarget section */

/* Begin PBXProject section */
		9538FAEA1FD88662001113E4 /* Project object */ = {
			isa = PBXProject;
			attributes = {
				LastSwiftUpdateCheck = 0910;
				LastUpgradeCheck = 0910;
				ORGANIZATIONNAME = "Daniel Garcia";
				TargetAttributes = {
					9538FAF11FD88662001113E4 = {
						CreatedOnToolsVersion = 9.1;
						ProvisioningStyle = Automatic;
					};
				};
			};
			buildConfigurationList = 9538FAED1FD88662001113E4 /* Build configuration list for PBXProject "TodoDocker" */;
			compatibilityVersion = "Xcode 8.0";
			developmentRegion = en;
			hasScannedForEncodings = 0;
			knownRegions = (
				en,
				Base,
			);
			mainGroup = 9538FAE91FD88662001113E4;
			productRefGroup = 9538FAF31FD88662001113E4 /* Products */;
			projectDirPath = "";
			projectRoot = "";
			targets = (
				9538FAF11FD88662001113E4 /* TodoDocker */,
			);
		};
/* End PBXProject section */

/* Begin PBXResourcesBuildPhase section */
		9538FAF01FD88662001113E4 /* Resources */ = {
			isa = PBXResourcesBuildPhase;
			buildActionMask = 2147483647;
			files = (
				9538FB001FD88662001113E4 /* LaunchScreen.storyboard in Resources */,
				9538FAFD1FD88662001113E4 /* Assets.xcassets in Resources */,
				9538FAFB1FD88662001113E4 /* Main.storyboard in Resources */,
			);
			runOnlyForDeploymentPostprocessing = 0;
		};
/* End PBXResourcesBuildPhase section */

/* Begin PBXShellScriptBuildPhase section */
		9B3B11B7EAE8364AAF7C6963 /* [CP] Embed Pods Frameworks */ = {
			isa = PBXShellScriptBuildPhase;
			buildActionMask = 2147483647;
			files = (
			);
			inputPaths = (
				"${SRCROOT}/Pods/Target Support Files/Pods-TodoDocker/Pods-TodoDocker-frameworks.sh",
				"${BUILT_PRODUCTS_DIR}/Alamofire/Alamofire.framework",
				"${BUILT_PRODUCTS_DIR}/DatePickerDialog/DatePickerDialog.framework",
				"${BUILT_PRODUCTS_DIR}/EasyRest/EasyRest.framework",
				"${BUILT_PRODUCTS_DIR}/Genome/Genome.framework",
				"${BUILT_PRODUCTS_DIR}/MBProgressHUD/MBProgressHUD.framework",
				"${BUILT_PRODUCTS_DIR}/Realm/Realm.framework",
				"${BUILT_PRODUCTS_DIR}/RealmSwift/RealmSwift.framework",
				"${BUILT_PRODUCTS_DIR}/SwiftMessages/SwiftMessages.framework",
			);
			name = "[CP] Embed Pods Frameworks";
			outputPaths = (
				"${TARGET_BUILD_DIR}/${FRAMEWORKS_FOLDER_PATH}/Alamofire.framework",
				"${TARGET_BUILD_DIR}/${FRAMEWORKS_FOLDER_PATH}/DatePickerDialog.framework",
				"${TARGET_BUILD_DIR}/${FRAMEWORKS_FOLDER_PATH}/EasyRest.framework",
				"${TARGET_BUILD_DIR}/${FRAMEWORKS_FOLDER_PATH}/Genome.framework",
				"${TARGET_BUILD_DIR}/${FRAMEWORKS_FOLDER_PATH}/MBProgressHUD.framework",
				"${TARGET_BUILD_DIR}/${FRAMEWORKS_FOLDER_PATH}/Realm.framework",
				"${TARGET_BUILD_DIR}/${FRAMEWORKS_FOLDER_PATH}/RealmSwift.framework",
				"${TARGET_BUILD_DIR}/${FRAMEWORKS_FOLDER_PATH}/SwiftMessages.framework",
			);
			runOnlyForDeploymentPostprocessing = 0;
			shellPath = /bin/sh;
			shellScript = "\"${SRCROOT}/Pods/Target Support Files/Pods-TodoDocker/Pods-TodoDocker-frameworks.sh\"\n";
			showEnvVarsInLog = 0;
		};
		E28F8AE09447B30C762F54E0 /* [CP] Copy Pods Resources */ = {
			isa = PBXShellScriptBuildPhase;
			buildActionMask = 2147483647;
			files = (
			);
			inputPaths = (
			);
			name = "[CP] Copy Pods Resources";
			outputPaths = (
			);
			runOnlyForDeploymentPostprocessing = 0;
			shellPath = /bin/sh;
			shellScript = "\"${SRCROOT}/Pods/Target Support Files/Pods-TodoDocker/Pods-TodoDocker-resources.sh\"\n";
			showEnvVarsInLog = 0;
		};
		F7EBC9480E93E393BB20879D /* [CP] Check Pods Manifest.lock */ = {
			isa = PBXShellScriptBuildPhase;
			buildActionMask = 2147483647;
			files = (
			);
			inputPaths = (
				"${PODS_PODFILE_DIR_PATH}/Podfile.lock",
				"${PODS_ROOT}/Manifest.lock",
			);
			name = "[CP] Check Pods Manifest.lock";
			outputPaths = (
				"$(DERIVED_FILE_DIR)/Pods-TodoDocker-checkManifestLockResult.txt",
			);
			runOnlyForDeploymentPostprocessing = 0;
			shellPath = /bin/sh;
			shellScript = "diff \"${PODS_PODFILE_DIR_PATH}/Podfile.lock\" \"${PODS_ROOT}/Manifest.lock\" > /dev/null\nif [ $? != 0 ] ; then\n    # print error to STDERR\n    echo \"error: The sandbox is not in sync with the Podfile.lock. Run 'pod install' or update your CocoaPods installation.\" >&2\n    exit 1\nfi\n# This output is used by Xcode 'outputs' to avoid re-running this script phase.\necho \"SUCCESS\" > \"${SCRIPT_OUTPUT_FILE_0}\"\n";
			showEnvVarsInLog = 0;
		};
/* End PBXShellScriptBuildPhase section */

/* Begin PBXSourcesBuildPhase section */
		9538FAEE1FD88662001113E4 /* Sources */ = {
			isa = PBXSourcesBuildPhase;
			buildActionMask = 2147483647;
			files = (
				95B89E4B1FD89CA20046F2F9 /* Constants.swift in Sources */,
				95004D7C1FD9E6C900565175 /* TextField.swift in Sources */,
				95FE66861FDF255D0086ED81 /* DataBase.swift in Sources */,
				95D0881C1FD8A4A70005CA6E /* Service.swift in Sources */,
				95FE66891FDF25950086ED81 /* Entities.swift in Sources */,
				95004D7A1FD9CE5C00565175 /* TaskTableViewCell.swift in Sources */,
				95FAE46D1FD89915003B7A59 /* Login.swift in Sources */,
				95004D7E1FD9F45100565175 /* SalvarViewController.swift in Sources */,
				9538FAF81FD88662001113E4 /* ViewController.swift in Sources */,
				9510AF791FD9B3A30041D8AE /* Tasks.swift in Sources */,
				9538FAF61FD88662001113E4 /* AppDelegate.swift in Sources */,
				9510AF771FD9AF6F0041D8AE /* TaskTableViewController.swift in Sources */,
				95B89E471FD89B3F0046F2F9 /* Route.swift in Sources */,
				95004D781FD9C41300565175 /* CurlInterceptor.swift in Sources */,
			);
			runOnlyForDeploymentPostprocessing = 0;
		};
/* End PBXSourcesBuildPhase section */

/* Begin PBXVariantGroup section */
		9538FAF91FD88662001113E4 /* Main.storyboard */ = {
			isa = PBXVariantGroup;
			children = (
				9538FAFA1FD88662001113E4 /* Base */,
			);
			name = Main.storyboard;
			sourceTree = "<group>";
		};
		9538FAFE1FD88662001113E4 /* LaunchScreen.storyboard */ = {
			isa = PBXVariantGroup;
			children = (
				9538FAFF1FD88662001113E4 /* Base */,
			);
			name = LaunchScreen.storyboard;
			sourceTree = "<group>";
		};
/* End PBXVariantGroup section */

/* Begin XCBuildConfiguration section */
		9538FB021FD88662001113E4 /* Debug */ = {
			isa = XCBuildConfiguration;
			buildSettings = {
				ALWAYS_SEARCH_USER_PATHS = NO;
				CLANG_ANALYZER_NONNULL = YES;
				CLANG_ANALYZER_NUMBER_OBJECT_CONVERSION = YES_AGGRESSIVE;
				CLANG_CXX_LANGUAGE_STANDARD = "gnu++14";
				CLANG_CXX_LIBRARY = "libc++";
				CLANG_ENABLE_MODULES = YES;
				CLANG_ENABLE_OBJC_ARC = YES;
				CLANG_WARN_BLOCK_CAPTURE_AUTORELEASING = YES;
				CLANG_WARN_BOOL_CONVERSION = YES;
				CLANG_WARN_COMMA = YES;
				CLANG_WARN_CONSTANT_CONVERSION = YES;
				CLANG_WARN_DIRECT_OBJC_ISA_USAGE = YES_ERROR;
				CLANG_WARN_DOCUMENTATION_COMMENTS = YES;
				CLANG_WARN_EMPTY_BODY = YES;
				CLANG_WARN_ENUM_CONVERSION = YES;
				CLANG_WARN_INFINITE_RECURSION = YES;
				CLANG_WARN_INT_CONVERSION = YES;
				CLANG_WARN_NON_LITERAL_NULL_CONVERSION = YES;
				CLANG_WARN_OBJC_LITERAL_CONVERSION = YES;
				CLANG_WARN_OBJC_ROOT_CLASS = YES_ERROR;
				CLANG_WARN_RANGE_LOOP_ANALYSIS = YES;
				CLANG_WARN_STRICT_PROTOTYPES = YES;
				CLANG_WARN_SUSPICIOUS_MOVE = YES;
				CLANG_WARN_UNGUARDED_AVAILABILITY = YES_AGGRESSIVE;
				CLANG_WARN_UNREACHABLE_CODE = YES;
				CLANG_WARN__DUPLICATE_METHOD_MATCH = YES;
				CODE_SIGN_IDENTITY = "iPhone Developer";
				COPY_PHASE_STRIP = NO;
				DEBUG_INFORMATION_FORMAT = dwarf;
				ENABLE_STRICT_OBJC_MSGSEND = YES;
				ENABLE_TESTABILITY = YES;
				GCC_C_LANGUAGE_STANDARD = gnu11;
				GCC_DYNAMIC_NO_PIC = NO;
				GCC_NO_COMMON_BLOCKS = YES;
				GCC_OPTIMIZATION_LEVEL = 0;
				GCC_PREPROCESSOR_DEFINITIONS = (
					"DEBUG=1",
					"$(inherited)",
				);
				GCC_WARN_64_TO_32_BIT_CONVERSION = YES;
				GCC_WARN_ABOUT_RETURN_TYPE = YES_ERROR;
				GCC_WARN_UNDECLARED_SELECTOR = YES;
				GCC_WARN_UNINITIALIZED_AUTOS = YES_AGGRESSIVE;
				GCC_WARN_UNUSED_FUNCTION = YES;
				GCC_WARN_UNUSED_VARIABLE = YES;
				IPHONEOS_DEPLOYMENT_TARGET = 11.1;
				MTL_ENABLE_DEBUG_INFO = YES;
				ONLY_ACTIVE_ARCH = YES;
				SDKROOT = iphoneos;
				SWIFT_ACTIVE_COMPILATION_CONDITIONS = DEBUG;
				SWIFT_OPTIMIZATION_LEVEL = "-Onone";
			};
			name = Debug;
		};
		9538FB031FD88662001113E4 /* Release */ = {
			isa = XCBuildConfiguration;
			buildSettings = {
				ALWAYS_SEARCH_USER_PATHS = NO;
				CLANG_ANALYZER_NONNULL = YES;
				CLANG_ANALYZER_NUMBER_OBJECT_CONVERSION = YES_AGGRESSIVE;
				CLANG_CXX_LANGUAGE_STANDARD = "gnu++14";
				CLANG_CXX_LIBRARY = "libc++";
				CLANG_ENABLE_MODULES = YES;
				CLANG_ENABLE_OBJC_ARC = YES;
				CLANG_WARN_BLOCK_CAPTURE_AUTORELEASING = YES;
				CLANG_WARN_BOOL_CONVERSION = YES;
				CLANG_WARN_COMMA = YES;
				CLANG_WARN_CONSTANT_CONVERSION = YES;
				CLANG_WARN_DIRECT_OBJC_ISA_USAGE = YES_ERROR;
				CLANG_WARN_DOCUMENTATION_COMMENTS = YES;
				CLANG_WARN_EMPTY_BODY = YES;
				CLANG_WARN_ENUM_CONVERSION = YES;
				CLANG_WARN_INFINITE_RECURSION = YES;
				CLANG_WARN_INT_CONVERSION = YES;
				CLANG_WARN_NON_LITERAL_NULL_CONVERSION = YES;
				CLANG_WARN_OBJC_LITERAL_CONVERSION = YES;
				CLANG_WARN_OBJC_ROOT_CLASS = YES_ERROR;
				CLANG_WARN_RANGE_LOOP_ANALYSIS = YES;
				CLANG_WARN_STRICT_PROTOTYPES = YES;
				CLANG_WARN_SUSPICIOUS_MOVE = YES;
				CLANG_WARN_UNGUARDED_AVAILABILITY = YES_AGGRESSIVE;
				CLANG_WARN_UNREACHABLE_CODE = YES;
				CLANG_WARN__DUPLICATE_METHOD_MATCH = YES;
				CODE_SIGN_IDENTITY = "iPhone Developer";
				COPY_PHASE_STRIP = NO;
				DEBUG_INFORMATION_FORMAT = "dwarf-with-dsym";
				ENABLE_NS_ASSERTIONS = NO;
				ENABLE_STRICT_OBJC_MSGSEND = YES;
				GCC_C_LANGUAGE_STANDARD = gnu11;
				GCC_NO_COMMON_BLOCKS = YES;
				GCC_WARN_64_TO_32_BIT_CONVERSION = YES;
				GCC_WARN_ABOUT_RETURN_TYPE = YES_ERROR;
				GCC_WARN_UNDECLARED_SELECTOR = YES;
				GCC_WARN_UNINITIALIZED_AUTOS = YES_AGGRESSIVE;
				GCC_WARN_UNUSED_FUNCTION = YES;
				GCC_WARN_UNUSED_VARIABLE = YES;
				IPHONEOS_DEPLOYMENT_TARGET = 11.1;
				MTL_ENABLE_DEBUG_INFO = NO;
				SDKROOT = iphoneos;
				SWIFT_OPTIMIZATION_LEVEL = "-Owholemodule";
				VALIDATE_PRODUCT = YES;
			};
			name = Release;
		};
		9538FB051FD88662001113E4 /* Debug */ = {
			isa = XCBuildConfiguration;
			baseConfigurationReference = 613D6F0FB370D026C9D951A0 /* Pods-TodoDocker.debug.xcconfig */;
			buildSettings = {
				ASSETCATALOG_COMPILER_APPICON_NAME = AppIcon;
				CODE_SIGN_STYLE = Automatic;
				DEVELOPMENT_TEAM = YM9ZCB3VEQ;
				INFOPLIST_FILE = TodoDocker/Info.plist;
				LD_RUNPATH_SEARCH_PATHS = "$(inherited) @executable_path/Frameworks";
				PRODUCT_BUNDLE_IDENTIFIER = com.scopus.TodoDocker;
				PRODUCT_NAME = "$(TARGET_NAME)";
				SWIFT_VERSION = 4.0;
				TARGETED_DEVICE_FAMILY = "1,2";
			};
			name = Debug;
		};
		9538FB061FD88662001113E4 /* Release */ = {
			isa = XCBuildConfiguration;
			baseConfigurationReference = CA8703362799332066BFEF20 /* Pods-TodoDocker.release.xcconfig */;
			buildSettings = {
				ASSETCATALOG_COMPILER_APPICON_NAME = AppIcon;
				CODE_SIGN_STYLE = Automatic;
				DEVELOPMENT_TEAM = YM9ZCB3VEQ;
				INFOPLIST_FILE = TodoDocker/Info.plist;
				LD_RUNPATH_SEARCH_PATHS = "$(inherited) @executable_path/Frameworks";
				PRODUCT_BUNDLE_IDENTIFIER = com.scopus.TodoDocker;
				PRODUCT_NAME = "$(TARGET_NAME)";
				SWIFT_VERSION = 4.0;
				TARGETED_DEVICE_FAMILY = "1,2";
			};
			name = Release;
		};
/* End XCBuildConfiguration section */

/* Begin XCConfigurationList section */
		9538FAED1FD88662001113E4 /* Build configuration list for PBXProject "TodoDocker" */ = {
			isa = XCConfigurationList;
			buildConfigurations = (
				9538FB021FD88662001113E4 /* Debug */,
				9538FB031FD88662001113E4 /* Release */,
			);
			defaultConfigurationIsVisible = 0;
			defaultConfigurationName = Release;
		};
		9538FB041FD88662001113E4 /* Build configuration list for PBXNativeTarget "TodoDocker" */ = {
			isa = XCConfigurationList;
			buildConfigurations = (
				9538FB051FD88662001113E4 /* Debug */,
				9538FB061FD88662001113E4 /* Release */,
			);
			defaultConfigurationIsVisible = 0;
			defaultConfigurationName = Release;
		};
/* End XCConfigurationList section */
	};
	rootObject = 9538FAEA1FD88662001113E4 /* Project object */;
}
